
Microsoft Visual Studio Solution File, Format Version 12.00
# Visual Studio Version 17
VisualStudioVersion = 17.6.33815.320
MinimumVisualStudioVersion = 10.0.40219.1
Project("{FAE04EC0-301F-11D3-BF4B-00C04F79EFBC}") = "ProyectoDMAPI", "ProyectoDMAPI\ProyectoDMAPI.csproj", "{DFCC1E37-DBAC-41CA-AA00-ED378C4059DA}"
EndProject
Global
	GlobalSection(SolutionConfigurationPlatforms) = preSolution
		Debug|Any CPU = Debug|Any CPU
		Release|Any CPU = Release|Any CPU
	EndGlobalSection
	GlobalSection(ProjectConfigurationPlatforms) = postSolution
		{DFCC1E37-DBAC-41CA-AA00-ED378C4059DA}.Debug|Any CPU.ActiveCfg = Debug|Any CPU
		{DFCC1E37-DBAC-41CA-AA00-ED378C4059DA}.Debug|Any CPU.Build.0 = Debug|Any CPU
		{DFCC1E37-DBAC-41CA-AA00-ED378C4059DA}.Release|Any CPU.ActiveCfg = Release|Any CPU
		{DFCC1E37-DBAC-41CA-AA00-ED378C4059DA}.Release|Any CPU.Build.0 = Release|Any CPU
	EndGlobalSection
	GlobalSection(SolutionProperties) = preSolution
		HideSolutionNode = FALSE
	EndGlobalSection
	GlobalSection(ExtensibilityGlobals) = postSolution
		SolutionGuid = {D3B6BF48-D04F-44F5-B93D-C3A1313ACB1F}
	EndGlobalSection
EndGlobal
